
Microsoft Visual Studio Solution File, Format Version 12.00
# Visual Studio Version 16
VisualStudioVersion = 16.0.31005.135
MinimumVisualStudioVersion = 10.0.40219.1
Project("{9A19103F-16F7-4668-BE54-9A1E7A4F7556}") = "Catamaran_API", "Catamaran_API\Catamaran_API.csproj", "{32413282-BE7B-4AE1-8634-34F0FB457B71}"
EndProject
Project("{9A19103F-16F7-4668-BE54-9A1E7A4F7556}") = "CatamaranUI", "CatamaranUI\CatamaranUI.csproj", "{82BAFFB3-F9AA-4CFE-8608-D00D3698CB39}"
EndProject
Project("{9A19103F-16F7-4668-BE54-9A1E7A4F7556}") = "CatamaranTests", "CatamaranTests\CatamaranTests.csproj", "{AE17A669-E438-46C4-863A-354E1749B1B4}"
EndProject
Project("{9A19103F-16F7-4668-BE54-9A1E7A4F7556}") = "Catamaran_Models", "Catamaran_Models\Catamaran_Models.csproj", "{02D2E6B6-9B94-48E7-B832-0CA9E8CE7198}"
EndProject
Project("{2150E333-8FDC-42A3-9474-1A3956D46DE8}") = "Solution Items", "Solution Items", "{CB720B07-2B6C-4CC4-ACEB-9AE8CAD6D033}"
	ProjectSection(SolutionItems) = preProject
		.gitignore = .gitignore
	EndProjectSection
EndProject
Project("{00D1A9C2-B5F0-4AF3-8072-F6C62B433612}") = "CatamaranDB", "CatamaranDB\CatamaranDB.sqlproj", "{6488D9D7-788B-43D6-9E99-024CDF5789ED}"
EndProject
Global
	GlobalSection(SolutionConfigurationPlatforms) = preSolution
		Debug|Any CPU = Debug|Any CPU
		Release|Any CPU = Release|Any CPU
	EndGlobalSection
	GlobalSection(ProjectConfigurationPlatforms) = postSolution
		{32413282-BE7B-4AE1-8634-34F0FB457B71}.Debug|Any CPU.ActiveCfg = Debug|Any CPU
		{32413282-BE7B-4AE1-8634-34F0FB457B71}.Debug|Any CPU.Build.0 = Debug|Any CPU
		{32413282-BE7B-4AE1-8634-34F0FB457B71}.Release|Any CPU.ActiveCfg = Release|Any CPU
		{32413282-BE7B-4AE1-8634-34F0FB457B71}.Release|Any CPU.Build.0 = Release|Any CPU
		{82BAFFB3-F9AA-4CFE-8608-D00D3698CB39}.Debug|Any CPU.ActiveCfg = Debug|Any CPU
		{82BAFFB3-F9AA-4CFE-8608-D00D3698CB39}.Debug|Any CPU.Build.0 = Debug|Any CPU
		{82BAFFB3-F9AA-4CFE-8608-D00D3698CB39}.Release|Any CPU.ActiveCfg = Release|Any CPU
		{82BAFFB3-F9AA-4CFE-8608-D00D3698CB39}.Release|Any CPU.Build.0 = Release|Any CPU
		{AE17A669-E438-46C4-863A-354E1749B1B4}.Debug|Any CPU.ActiveCfg = Debug|Any CPU
		{AE17A669-E438-46C4-863A-354E1749B1B4}.Debug|Any CPU.Build.0 = Debug|Any CPU
		{AE17A669-E438-46C4-863A-354E1749B1B4}.Release|Any CPU.ActiveCfg = Release|Any CPU
		{AE17A669-E438-46C4-863A-354E1749B1B4}.Release|Any CPU.Build.0 = Release|Any CPU
		{02D2E6B6-9B94-48E7-B832-0CA9E8CE7198}.Debug|Any CPU.ActiveCfg = Debug|Any CPU
		{02D2E6B6-9B94-48E7-B832-0CA9E8CE7198}.Debug|Any CPU.Build.0 = Debug|Any CPU
		{02D2E6B6-9B94-48E7-B832-0CA9E8CE7198}.Release|Any CPU.ActiveCfg = Release|Any CPU
		{02D2E6B6-9B94-48E7-B832-0CA9E8CE7198}.Release|Any CPU.Build.0 = Release|Any CPU
		{6488D9D7-788B-43D6-9E99-024CDF5789ED}.Debug|Any CPU.ActiveCfg = Debug|Any CPU
		{6488D9D7-788B-43D6-9E99-024CDF5789ED}.Debug|Any CPU.Build.0 = Debug|Any CPU
		{6488D9D7-788B-43D6-9E99-024CDF5789ED}.Debug|Any CPU.Deploy.0 = Debug|Any CPU
		{6488D9D7-788B-43D6-9E99-024CDF5789ED}.Release|Any CPU.ActiveCfg = Release|Any CPU
		{6488D9D7-788B-43D6-9E99-024CDF5789ED}.Release|Any CPU.Build.0 = Release|Any CPU
		{6488D9D7-788B-43D6-9E99-024CDF5789ED}.Release|Any CPU.Deploy.0 = Release|Any CPU
	EndGlobalSection
	GlobalSection(SolutionProperties) = preSolution
		HideSolutionNode = FALSE
	EndGlobalSection
	GlobalSection(ExtensibilityGlobals) = postSolution
		SolutionGuid = {6BB025A6-8361-44CC-BD68-4876EBAC1768}
	EndGlobalSection
EndGlobal
